# This file was autogenerated by Stack.
# You should not edit this file by hand.
# For more information, please see the documentation at:
#   https://docs.haskellstack.org/en/stable/lock_files

packages:
- completed:
    commit: 51d1fcecebf2417e658b9a78943c84a76a0ed347
    git: https://github.com/wireapp/hsaml2
    name: hsaml2
    pantry-tree:
      sha256: be0555fd87157a535e8833e99472b8f64c16d568836cd00908292caf46cc2079
      size: 4098
    version: 0.1.2
  original:
    commit: 51d1fcecebf2417e658b9a78943c84a76a0ed347
    git: https://github.com/wireapp/hsaml2
- completed:
    commit: 08176f07fa893922e2e78dcaf996c33d79d23ce2
    git: https://github.com/wireapp/hspec-wai
    name: hspec-wai
    pantry-tree:
      sha256: f5f266a2806abcfaa6823c9f81bbc7f777306dc9006a36d389560c79d6b4e32c
      size: 1899
    version: 0.11.1
  original:
    commit: 08176f07fa893922e2e78dcaf996c33d79d23ce2
    git: https://github.com/wireapp/hspec-wai
- completed:
    hackage: invertible-hxt-0.1@sha256:8495092e94f6a7eebbdf980a8ccd3684f2078b02b2faf4b4822b1202ee42dae9,865
    pantry-tree:
      sha256: da65a22968a2fecc17f42e66f1f3d0d2f341e4af50bf496c6c0fe84c0907f756
      size: 195
  original:
    hackage: invertible-hxt-0.1
- completed:
    hackage: crypton-x509-1.7.6@sha256:c567657a705b6d6521f9dd2de999bf530d618ec00f3b939df76a41fb0fe94281,2339
    pantry-tree:
      sha256: 729e7db8dfc0a8b43e08bbd8d1387c9065e39beda6ac39e0fb9f10140810a3eb
      size: 1080
  original:
    hackage: crypton-x509-1.7.6
- completed:
    hackage: crypton-0.33@sha256:5e92f29b9b7104d91fcdda1dec9400c9ad1f1791c231cc41ceebd783fb517dee,18202
    pantry-tree:
      sha256: 38809499d7f9775ef45cd29ab5c3dc9b283a813f34c1cdc56681b24f8cf8bb4f
      size: 23148
  original:
    hackage: crypton-0.33
- completed:
    hackage: ormolu-0.1.4.1@sha256:ed404eac6e4eb64da1ca5fb749e0f99907431a9633e6ba34e44d260e7d7728ba,6499
    pantry-tree:
      sha256: 86dffe835089c8029e99046a75e7350fae8b80266a352a7295f13a279a8e5363
      size: 74141
  original:
    hackage: ormolu-0.1.4.1
- completed:
    hackage: ghc-lib-parser-8.10.1.20200412@sha256:b0517bb150a02957d7180f131f5b94abd2a7f58a7d1532a012e71618282339c2,8751
    pantry-tree:
      sha256: b11275740480138dd1fce4a22a2aa8835cddfecaa8da58a153f130b4575f9df5
      size: 19497
  original:
    hackage: ghc-lib-parser-8.10.1.20200412@sha256:b0517bb150a02957d7180f131f5b94abd2a7f58a7d1532a012e71618282339c2,8751
snapshots:
- completed:
    sha256: 63539429076b7ebbab6daa7656cfb079393bf644971156dc349d7c0453694ac2
    size: 586296
    url: https://raw.githubusercontent.com/commercialhaskell/stackage-snapshots/master/lts/18/18.yaml
  original: lts-18.18
